// !$*UTF8*$!
{
	archiveVersion = 1;
	classes = {
	};
	objectVersion = 46;
	objects = {

/* Begin PBXBuildFile section */
		84B7AA811BFDF70A00D50DF0 /* AppDelegate.swift in Sources */ = {isa = PBXBuildFile; fileRef = 84B7AA801BFDF70A00D50DF0 /* AppDelegate.swift */; };
		84B7AA831BFDF70A00D50DF0 /* GameScene.sks in Resources */ = {isa = PBXBuildFile; fileRef = 84B7AA821BFDF70A00D50DF0 /* GameScene.sks */; };
		84B7AA851BFDF70A00D50DF0 /* GameScene.swift in Sources */ = {isa = PBXBuildFile; fileRef = 84B7AA841BFDF70A00D50DF0 /* GameScene.swift */; };
		84B7AA871BFDF70A00D50DF0 /* GameViewController.swift in Sources */ = {isa = PBXBuildFile; fileRef = 84B7AA861BFDF70A00D50DF0 /* GameViewController.swift */; };
		84B7AA8A1BFDF70A00D50DF0 /* Main.storyboard in Resources */ = {isa = PBXBuildFile; fileRef = 84B7AA881BFDF70A00D50DF0 /* Main.storyboard */; };
		84B7AA8C1BFDF70A00D50DF0 /* Assets.xcassets in Resources */ = {isa = PBXBuildFile; fileRef = 84B7AA8B1BFDF70A00D50DF0 /* Assets.xcassets */; };
		84B7AA8F1BFDF70A00D50DF0 /* LaunchScreen.storyboard in Resources */ = {isa = PBXBuildFile; fileRef = 84B7AA8D1BFDF70A00D50DF0 /* LaunchScreen.storyboard */; };
		84B7AA9A1BFDF70A00D50DF0 /* FBirdLikeTests.swift in Sources */ = {isa = PBXBuildFile; fileRef = 84B7AA991BFDF70A00D50DF0 /* FBirdLikeTests.swift */; };
		84B7AAA51BFDF70A00D50DF0 /* FBirdLikeUITests.swift in Sources */ = {isa = PBXBuildFile; fileRef = 84B7AAA41BFDF70A00D50DF0 /* FBirdLikeUITests.swift */; };
/* End PBXBuildFile section */

/* Begin PBXContainerItemProxy section */
		84B7AA961BFDF70A00D50DF0 /* PBXContainerItemProxy */ = {
			isa = PBXContainerItemProxy;
			containerPortal = 84B7AA751BFDF70900D50DF0 /* Project object */;
			proxyType = 1;
			remoteGlobalIDString = 84B7AA7C1BFDF70900D50DF0;
			remoteInfo = FBirdLike;
		};
		84B7AAA11BFDF70A00D50DF0 /* PBXContainerItemProxy */ = {
			isa = PBXContainerItemProxy;
			containerPortal = 84B7AA751BFDF70900D50DF0 /* Project object */;
			proxyType = 1;
			remoteGlobalIDString = 84B7AA7C1BFDF70900D50DF0;
			remoteInfo = FBirdLike;
		};
/* End PBXContainerItemProxy section */

/* Begin PBXFileReference section */
		84B7AA7D1BFDF70A00D50DF0 /* FBirdLike.app */ = {isa = PBXFileReference; explicitFileType = wrapper.application; includeInIndex = 0; path = FBirdLike.app; sourceTree = BUILT_PRODUCTS_DIR; };
		84B7AA801BFDF70A00D50DF0 /* AppDelegate.swift */ = {isa = PBXFileReference; lastKnownFileType = sourcecode.swift; path = AppDelegate.swift; sourceTree = "<group>"; };
		84B7AA821BFDF70A00D50DF0 /* GameScene.sks */ = {isa = PBXFileReference; lastKnownFileType = file.sks; path = GameScene.sks; sourceTree = "<group>"; };
		84B7AA841BFDF70A00D50DF0 /* GameScene.swift */ = {isa = PBXFileReference; lastKnownFileType = sourcecode.swift; path = GameScene.swift; sourceTree = "<group>"; };
		84B7AA861BFDF70A00D50DF0 /* GameViewController.swift */ = {isa = PBXFileReference; lastKnownFileType = sourcecode.swift; path = GameViewController.swift; sourceTree = "<group>"; };
		84B7AA891BFDF70A00D50DF0 /* Base */ = {isa = PBXFileReference; lastKnownFileType = file.storyboard; name = Base; path = Base.lproj/Main.storyboard; sourceTree = "<group>"; };
		84B7AA8B1BFDF70A00D50DF0 /* Assets.xcassets */ = {isa = PBXFileReference; lastKnownFileType = folder.assetcatalog; path = Assets.xcassets; sourceTree = "<group>"; };
		84B7AA8E1BFDF70A00D50DF0 /* Base */ = {isa = PBXFileReference; lastKnownFileType = file.storyboard; name = Base; path = Base.lproj/LaunchScreen.storyboard; sourceTree = "<group>"; };
		84B7AA901BFDF70A00D50DF0 /* Info.plist */ = {isa = PBXFileReference; lastKnownFileType = text.plist.xml; path = Info.plist; sourceTree = "<group>"; };
		84B7AA951BFDF70A00D50DF0 /* FBirdLikeTests.xctest */ = {isa = PBXFileReference; explicitFileType = wrapper.cfbundle; includeInIndex = 0; path = FBirdLikeTests.xctest; sourceTree = BUILT_PRODUCTS_DIR; };
		84B7AA991BFDF70A00D50DF0 /* FBirdLikeTests.swift */ = {isa = PBXFileReference; lastKnownFileType = sourcecode.swift; path = FBirdLikeTests.swift; sourceTree = "<group>"; };
		84B7AA9B1BFDF70A00D50DF0 /* Info.plist */ = {isa = PBXFileReference; lastKnownFileType = text.plist.xml; path = Info.plist; sourceTree = "<group>"; };
		84B7AAA01BFDF70A00D50DF0 /* FBirdLikeUITests.xctest */ = {isa = PBXFileReference; explicitFileType = wrapper.cfbundle; includeInIndex = 0; path = FBirdLikeUITests.xctest; sourceTree = BUILT_PRODUCTS_DIR; };
		84B7AAA41BFDF70A00D50DF0 /* FBirdLikeUITests.swift */ = {isa = PBXFileReference; lastKnownFileType = sourcecode.swift; path = FBirdLikeUITests.swift; sourceTree = "<group>"; };
		84B7AAA61BFDF70A00D50DF0 /* Info.plist */ = {isa = PBXFileReference; lastKnownFileType = text.plist.xml; path = Info.plist; sourceTree = "<group>"; };
/* End PBXFileReference section */

/* Begin PBXFrameworksBuildPhase section */
		84B7AA7A1BFDF70900D50DF0 /* Frameworks */ = {
			isa = PBXFrameworksBuildPhase;
			buildActionMask = 2147483647;
			files = (
			);
			runOnlyForDeploymentPostprocessing = 0;
		};
		84B7AA921BFDF70A00D50DF0 /* Frameworks */ = {
			isa = PBXFrameworksBuildPhase;
			buildActionMask = 2147483647;
			files = (
			);
			runOnlyForDeploymentPostprocessing = 0;
		};
		84B7AA9D1BFDF70A00D50DF0 /* Frameworks */ = {
			isa = PBXFrameworksBuildPhase;
			buildActionMask = 2147483647;
			files = (
			);
			runOnlyForDeploymentPostprocessing = 0;
		};
/* End PBXFrameworksBuildPhase section */

/* Begin PBXGroup section */
		84B7AA741BFDF70900D50DF0 = {
			isa = PBXGroup;
			children = (
				84B7AA7F1BFDF70A00D50DF0 /* FBirdLike */,
				84B7AA981BFDF70A00D50DF0 /* FBirdLikeTests */,
				84B7AAA31BFDF70A00D50DF0 /* FBirdLikeUITests */,
				84B7AA7E1BFDF70A00D50DF0 /* Products */,
			);
			sourceTree = "<group>";
		};
		84B7AA7E1BFDF70A00D50DF0 /* Products */ = {
			isa = PBXGroup;
			children = (
				84B7AA7D1BFDF70A00D50DF0 /* FBirdLike.app */,
				84B7AA951BFDF70A00D50DF0 /* FBirdLikeTests.xctest */,
				84B7AAA01BFDF70A00D50DF0 /* FBirdLikeUITests.xctest */,
			);
			name = Products;
			sourceTree = "<group>";
		};
		84B7AA7F1BFDF70A00D50DF0 /* FBirdLike */ = {
			isa = PBXGroup;
			children = (
				84B7AA801BFDF70A00D50DF0 /* AppDelegate.swift */,
				84B7AA821BFDF70A00D50DF0 /* GameScene.sks */,
				84B7AA841BFDF70A00D50DF0 /* GameScene.swift */,
				84B7AA861BFDF70A00D50DF0 /* GameViewController.swift */,
				84B7AA881BFDF70A00D50DF0 /* Main.storyboard */,
				84B7AA8B1BFDF70A00D50DF0 /* Assets.xcassets */,
				84B7AA8D1BFDF70A00D50DF0 /* LaunchScreen.storyboard */,
				84B7AA901BFDF70A00D50DF0 /* Info.plist */,
			);
			path = FBirdLike;
			sourceTree = "<group>";
		};
		84B7AA981BFDF70A00D50DF0 /* FBirdLikeTests */ = {
			isa = PBXGroup;
			children = (
				84B7AA991BFDF70A00D50DF0 /* FBirdLikeTests.swift */,
				84B7AA9B1BFDF70A00D50DF0 /* Info.plist */,
			);
			path = FBirdLikeTests;
			sourceTree = "<group>";
		};
		84B7AAA31BFDF70A00D50DF0 /* FBirdLikeUITests */ = {
			isa = PBXGroup;
			children = (
				84B7AAA41BFDF70A00D50DF0 /* FBirdLikeUITests.swift */,
				84B7AAA61BFDF70A00D50DF0 /* Info.plist */,
			);
			path = FBirdLikeUITests;
			sourceTree = "<group>";
		};
/* End PBXGroup section */

/* Begin PBXNativeTarget section */
		84B7AA7C1BFDF70900D50DF0 /* FBirdLike */ = {
			isa = PBXNativeTarget;
			buildConfigurationList = 84B7AAA91BFDF70A00D50DF0 /* Build configuration list for PBXNativeTarget "FBirdLike" */;
			buildPhases = (
				84B7AA791BFDF70900D50DF0 /* Sources */,
				84B7AA7A1BFDF70900D50DF0 /* Frameworks */,
				84B7AA7B1BFDF70900D50DF0 /* Resources */,
			);
			buildRules = (
			);
			dependencies = (
			);
			name = FBirdLike;
			productName = FBirdLike;
			productReference = 84B7AA7D1BFDF70A00D50DF0 /* FBirdLike.app */;
			productType = "com.apple.product-type.application";
		};
		84B7AA941BFDF70A00D50DF0 /* FBirdLikeTests */ = {
			isa = PBXNativeTarget;
			buildConfigurationList = 84B7AAAC1BFDF70A00D50DF0 /* Build configuration list for PBXNativeTarget "FBirdLikeTests" */;
			buildPhases = (
				84B7AA911BFDF70A00D50DF0 /* Sources */,
				84B7AA921BFDF70A00D50DF0 /* Frameworks */,
				84B7AA931BFDF70A00D50DF0 /* Resources */,
			);
			buildRules = (
			);
			dependencies = (
				84B7AA971BFDF70A00D50DF0 /* PBXTargetDependency */,
			);
			name = FBirdLikeTests;
			productName = FBirdLikeTests;
			productReference = 84B7AA951BFDF70A00D50DF0 /* FBirdLikeTests.xctest */;
			productType = "com.apple.product-type.bundle.unit-test";
		};
		84B7AA9F1BFDF70A00D50DF0 /* FBirdLikeUITests */ = {
			isa = PBXNativeTarget;
			buildConfigurationList = 84B7AAAF1BFDF70A00D50DF0 /* Build configuration list for PBXNativeTarget "FBirdLikeUITests" */;
			buildPhases = (
				84B7AA9C1BFDF70A00D50DF0 /* Sources */,
				84B7AA9D1BFDF70A00D50DF0 /* Frameworks */,
				84B7AA9E1BFDF70A00D50DF0 /* Resources */,
			);
			buildRules = (
			);
			dependencies = (
				84B7AAA21BFDF70A00D50DF0 /* PBXTargetDependency */,
			);
			name = FBirdLikeUITests;
			productName = FBirdLikeUITests;
			productReference = 84B7AAA01BFDF70A00D50DF0 /* FBirdLikeUITests.xctest */;
			productType = "com.apple.product-type.bundle.ui-testing";
		};
/* End PBXNativeTarget section */

/* Begin PBXProject section */
		84B7AA751BFDF70900D50DF0 /* Project object */ = {
			isa = PBXProject;
			attributes = {
				LastSwiftUpdateCheck = 0710;
				LastUpgradeCheck = 0710;
				ORGANIZATIONNAME = admin;
				TargetAttributes = {
					84B7AA7C1BFDF70900D50DF0 = {
						CreatedOnToolsVersion = 7.1.1;
					};
					84B7AA941BFDF70A00D50DF0 = {
						CreatedOnToolsVersion = 7.1.1;
						TestTargetID = 84B7AA7C1BFDF70900D50DF0;
					};
					84B7AA9F1BFDF70A00D50DF0 = {
						CreatedOnToolsVersion = 7.1.1;
						TestTargetID = 84B7AA7C1BFDF70900D50DF0;
					};
				};
			};
			buildConfigurationList = 84B7AA781BFDF70900D50DF0 /* Build configuration list for PBXProject "FBirdLike" */;
			compatibilityVersion = "Xcode 3.2";
			developmentRegion = English;
			hasScannedForEncodings = 0;
			knownRegions = (
				en,
				Base,
			);
			mainGroup = 84B7AA741BFDF70900D50DF0;
			productRefGroup = 84B7AA7E1BFDF70A00D50DF0 /* Products */;
			projectDirPath = "";
			projectRoot = "";
			targets = (
				84B7AA7C1BFDF70900D50DF0 /* FBirdLike */,
				84B7AA941BFDF70A00D50DF0 /* FBirdLikeTests */,
				84B7AA9F1BFDF70A00D50DF0 /* FBirdLikeUITests */,
			);
		};
/* End PBXProject section */

/* Begin PBXResourcesBuildPhase section */
		84B7AA7B1BFDF70900D50DF0 /* Resources */ = {
			isa = PBXResourcesBuildPhase;
			buildActionMask = 2147483647;
			files = (
				84B7AA831BFDF70A00D50DF0 /* GameScene.sks in Resources */,
				84B7AA8F1BFDF70A00D50DF0 /* LaunchScreen.storyboard in Resources */,
				84B7AA8C1BFDF70A00D50DF0 /* Assets.xcassets in Resources */,
				84B7AA8A1BFDF70A00D50DF0 /* Main.storyboard in Resources */,
			);
			runOnlyForDeploymentPostprocessing = 0;
		};
		84B7AA931BFDF70A00D50DF0 /* Resources */ = {
			isa = PBXResourcesBuildPhase;
			buildActionMask = 2147483647;
			files = (
			);
			runOnlyForDeploymentPostprocessing = 0;
		};
		84B7AA9E1BFDF70A00D50DF0 /* Resources */ = {
			isa = PBXResourcesBuildPhase;
			buildActionMask = 2147483647;
			files = (
			);
			runOnlyForDeploymentPostprocessing = 0;
		};
/* End PBXResourcesBuildPhase section */

/* Begin PBXSourcesBuildPhase section */
		84B7AA791BFDF70900D50DF0 /* Sources */ = {
			isa = PBXSourcesBuildPhase;
			buildActionMask = 2147483647;
			files = (
				84B7AA851BFDF70A00D50DF0 /* GameScene.swift in Sources */,
				84B7AA871BFDF70A00D50DF0 /* GameViewController.swift in Sources */,
				84B7AA811BFDF70A00D50DF0 /* AppDelegate.swift in Sources */,
			);
			runOnlyForDeploymentPostprocessing = 0;
		};
		84B7AA911BFDF70A00D50DF0 /* Sources */ = {
			isa = PBXSourcesBuildPhase;
			buildActionMask = 2147483647;
			files = (
				84B7AA9A1BFDF70A00D50DF0 /* FBirdLikeTests.swift in Sources */,
			);
			runOnlyForDeploymentPostprocessing = 0;
		};
		84B7AA9C1BFDF70A00D50DF0 /* Sources */ = {
			isa = PBXSourcesBuildPhase;
			buildActionMask = 2147483647;
			files = (
				84B7AAA51BFDF70A00D50DF0 /* FBirdLikeUITests.swift in Sources */,
			);
			runOnlyForDeploymentPostprocessing = 0;
		};
/* End PBXSourcesBuildPhase section */

/* Begin PBXTargetDependency section */
		84B7AA971BFDF70A00D50DF0 /* PBXTargetDependency */ = {
			isa = PBXTargetDependency;
			target = 84B7AA7C1BFDF70900D50DF0 /* FBirdLike */;
			targetProxy = 84B7AA961BFDF70A00D50DF0 /* PBXContainerItemProxy */;
		};
		84B7AAA21BFDF70A00D50DF0 /* PBXTargetDependency */ = {
			isa = PBXTargetDependency;
			target = 84B7AA7C1BFDF70900D50DF0 /* FBirdLike */;
			targetProxy = 84B7AAA11BFDF70A00D50DF0 /* PBXContainerItemProxy */;
		};
/* End PBXTargetDependency section */

/* Begin PBXVariantGroup section */
		84B7AA881BFDF70A00D50DF0 /* Main.storyboard */ = {
			isa = PBXVariantGroup;
			children = (
				84B7AA891BFDF70A00D50DF0 /* Base */,
			);
			name = Main.storyboard;
			sourceTree = "<group>";
		};
		84B7AA8D1BFDF70A00D50DF0 /* LaunchScreen.storyboard */ = {
			isa = PBXVariantGroup;
			children = (
				84B7AA8E1BFDF70A00D50DF0 /* Base */,
			);
			name = LaunchScreen.storyboard;
			sourceTree = "<group>";
		};
/* End PBXVariantGroup section */

/* Begin XCBuildConfiguration section */
		84B7AAA71BFDF70A00D50DF0 /* Debug */ = {
			isa = XCBuildConfiguration;
			buildSettings = {
				ALWAYS_SEARCH_USER_PATHS = NO;
				CLANG_CXX_LANGUAGE_STANDARD = "gnu++0x";
				CLANG_CXX_LIBRARY = "libc++";
				CLANG_ENABLE_MODULES = YES;
				CLANG_ENABLE_OBJC_ARC = YES;
				CLANG_WARN_BOOL_CONVERSION = YES;
				CLANG_WARN_CONSTANT_CONVERSION = YES;
				CLANG_WARN_DIRECT_OBJC_ISA_USAGE = YES_ERROR;
				CLANG_WARN_EMPTY_BODY = YES;
				CLANG_WARN_ENUM_CONVERSION = YES;
				CLANG_WARN_INT_CONVERSION = YES;
				CLANG_WARN_OBJC_ROOT_CLASS = YES_ERROR;
				CLANG_WARN_UNREACHABLE_CODE = YES;
				CLANG_WARN__DUPLICATE_METHOD_MATCH = YES;
				"CODE_SIGN_IDENTITY[sdk=iphoneos*]" = "iPhone Developer";
				COPY_PHASE_STRIP = NO;
				DEBUG_INFORMATION_FORMAT = "dwarf-with-dsym";
				ENABLE_STRICT_OBJC_MSGSEND = YES;
				ENABLE_TESTABILITY = YES;
				GCC_C_LANGUAGE_STANDARD = gnu99;
				GCC_DYNAMIC_NO_PIC = NO;
				GCC_NO_COMMON_BLOCKS = YES;
				GCC_OPTIMIZATION_LEVEL = 0;
				GCC_PREPROCESSOR_DEFINITIONS = (
					"DEBUG=1",
					"$(inherited)",
				);
				GCC_WARN_64_TO_32_BIT_CONVERSION = YES;
				GCC_WARN_ABOUT_RETURN_TYPE = YES_ERROR;
				GCC_WARN_UNDECLARED_SELECTOR = YES;
				GCC_WARN_UNINITIALIZED_AUTOS = YES_AGGRESSIVE;
				GCC_WARN_UNUSED_FUNCTION = YES;
				GCC_WARN_UNUSED_VARIABLE = YES;
				IPHONEOS_DEPLOYMENT_TARGET = 9.1;
				MTL_ENABLE_DEBUG_INFO = YES;
				ONLY_ACTIVE_ARCH = YES;
				SDKROOT = iphoneos;
				SWIFT_OPTIMIZATION_LEVEL = "-Onone";
			};
			name = Debug;
		};
		84B7AAA81BFDF70A00D50DF0 /* Release */ = {
			isa = XCBuildConfiguration;
			buildSettings = {
				ALWAYS_SEARCH_USER_PATHS = NO;
				CLANG_CXX_LANGUAGE_STANDARD = "gnu++0x";
				CLANG_CXX_LIBRARY = "libc++";
				CLANG_ENABLE_MODULES = YES;
				CLANG_ENABLE_OBJC_ARC = YES;
				CLANG_WARN_BOOL_CONVERSION = YES;
				CLANG_WARN_CONSTANT_CONVERSION = YES;
				CLANG_WARN_DIRECT_OBJC_ISA_USAGE = YES_ERROR;
				CLANG_WARN_EMPTY_BODY = YES;
				CLANG_WARN_ENUM_CONVERSION = YES;
				CLANG_WARN_INT_CONVERSION = YES;
				CLANG_WARN_OBJC_ROOT_CLASS = YES_ERROR;
				CLANG_WARN_UNREACHABLE_CODE = YES;
				CLANG_WARN__DUPLICATE_METHOD_MATCH = YES;
				"CODE_SIGN_IDENTITY[sdk=iphoneos*]" = "iPhone Developer";
				COPY_PHASE_STRIP = NO;
				DEBUG_INFORMATION_FORMAT = "dwarf-with-dsym";
				ENABLE_NS_ASSERTIONS = NO;
				ENABLE_STRICT_OBJC_MSGSEND = YES;
				GCC_C_LANGUAGE_STANDARD = gnu99;
				GCC_NO_COMMON_BLOCKS = YES;
				GCC_WARN_64_TO_32_BIT_CONVERSION = YES;
				GCC_WARN_ABOUT_RETURN_TYPE = YES_ERROR;
				GCC_WARN_UNDECLARED_SELECTOR = YES;
				GCC_WARN_UNINITIALIZED_AUTOS = YES_AGGRESSIVE;
				GCC_WARN_UNUSED_FUNCTION = YES;
				GCC_WARN_UNUSED_VARIABLE = YES;
				IPHONEOS_DEPLOYMENT_TARGET = 9.1;
				MTL_ENABLE_DEBUG_INFO = NO;
				SDKROOT = iphoneos;
				VALIDATE_PRODUCT = YES;
			};
			name = Release;
		};
		84B7AAAA1BFDF70A00D50DF0 /* Debug */ = {
			isa = XCBuildConfiguration;
			buildSettings = {
				ASSETCATALOG_COMPILER_APPICON_NAME = AppIcon;
				INFOPLIST_FILE = FBirdLike/Info.plist;
				LD_RUNPATH_SEARCH_PATHS = "$(inherited) @executable_path/Frameworks";
				PRODUCT_BUNDLE_IDENTIFIER = as.com.FBirdLike;
				PRODUCT_NAME = "$(TARGET_NAME)";
			};
			name = Debug;
		};
		84B7AAAB1BFDF70A00D50DF0 /* Release */ = {
			isa = XCBuildConfiguration;
			buildSettings = {
				ASSETCATALOG_COMPILER_APPICON_NAME = AppIcon;
				INFOPLIST_FILE = FBirdLike/Info.plist;
				LD_RUNPATH_SEARCH_PATHS = "$(inherited) @executable_path/Frameworks";
				PRODUCT_BUNDLE_IDENTIFIER = as.com.FBirdLike;
				PRODUCT_NAME = "$(TARGET_NAME)";
			};
			name = Release;
		};
		84B7AAAD1BFDF70A00D50DF0 /* Debug */ = {
			isa = XCBuildConfiguration;
			buildSettings = {
				BUNDLE_LOADER = "$(TEST_HOST)";
				DEBUG_INFORMATION_FORMAT = dwarf;
				INFOPLIST_FILE = FBirdLikeTests/Info.plist;
				LD_RUNPATH_SEARCH_PATHS = "$(inherited) @executable_path/Frameworks @loader_path/Frameworks";
				PRODUCT_BUNDLE_IDENTIFIER = as.com.FBirdLikeTests;
				PRODUCT_NAME = "$(TARGET_NAME)";
				TEST_HOST = "$(BUILT_PRODUCTS_DIR)/FBirdLike.app/FBirdLike";
			};
			name = Debug;
		};
		84B7AAAE1BFDF70A00D50DF0 /* Release */ = {
			isa = XCBuildConfiguration;
			buildSettings = {
				BUNDLE_LOADER = "$(TEST_HOST)";
				INFOPLIST_FILE = FBirdLikeTests/Info.plist;
				LD_RUNPATH_SEARCH_PATHS = "$(inherited) @executable_path/Frameworks @loader_path/Frameworks";
				PRODUCT_BUNDLE_IDENTIFIER = as.com.FBirdLikeTests;
				PRODUCT_NAME = "$(TARGET_NAME)";
				TEST_HOST = "$(BUILT_PRODUCTS_DIR)/FBirdLike.app/FBirdLike";
			};
			name = Release;
		};
		84B7AAB01BFDF70A00D50DF0 /* Debug */ = {
			isa = XCBuildConfiguration;
			buildSettings = {
				DEBUG_INFORMATION_FORMAT = dwarf;
				INFOPLIST_FILE = FBirdLikeUITests/Info.plist;
				LD_RUNPATH_SEARCH_PATHS = "$(inherited) @executable_path/Frameworks @loader_path/Frameworks";
				PRODUCT_BUNDLE_IDENTIFIER = as.com.FBirdLikeUITests;
				PRODUCT_NAME = "$(TARGET_NAME)";
				TEST_TARGET_NAME = FBirdLike;
				USES_XCTRUNNER = YES;
			};
			name = Debug;
		};
		84B7AAB11BFDF70A00D50DF0 /* Release */ = {
			isa = XCBuildConfiguration;
			buildSettings = {
				INFOPLIST_FILE = FBirdLikeUITests/Info.plist;
				LD_RUNPATH_SEARCH_PATHS = "$(inherited) @executable_path/Frameworks @loader_path/Frameworks";
				PRODUCT_BUNDLE_IDENTIFIER = as.com.FBirdLikeUITests;
				PRODUCT_NAME = "$(TARGET_NAME)";
				TEST_TARGET_NAME = FBirdLike;
				USES_XCTRUNNER = YES;
			};
			name = Release;
		};
/* End XCBuildConfiguration section */

/* Begin XCConfigurationList section */
		84B7AA781BFDF70900D50DF0 /* Build configuration list for PBXProject "FBirdLike" */ = {
			isa = XCConfigurationList;
			buildConfigurations = (
				84B7AAA71BFDF70A00D50DF0 /* Debug */,
				84B7AAA81BFDF70A00D50DF0 /* Release */,
			);
			defaultConfigurationIsVisible = 0;
			defaultConfigurationName = Release;
		};
		84B7AAA91BFDF70A00D50DF0 /* Build configuration list for PBXNativeTarget "FBirdLike" */ = {
			isa = XCConfigurationList;
			buildConfigurations = (
				84B7AAAA1BFDF70A00D50DF0 /* Debug */,
				84B7AAAB1BFDF70A00D50DF0 /* Release */,
			);
			defaultConfigurationIsVisible = 0;
		};
		84B7AAAC1BFDF70A00D50DF0 /* Build configuration list for PBXNativeTarget "FBirdLikeTests" */ = {
			isa = XCConfigurationList;
			buildConfigurations = (
				84B7AAAD1BFDF70A00D50DF0 /* Debug */,
				84B7AAAE1BFDF70A00D50DF0 /* Release */,
			);
			defaultConfigurationIsVisible = 0;
		};
		84B7AAAF1BFDF70A00D50DF0 /* Build configuration list for PBXNativeTarget "FBirdLikeUITests" */ = {
			isa = XCConfigurationList;
			buildConfigurations = (
				84B7AAB01BFDF70A00D50DF0 /* Debug */,
				84B7AAB11BFDF70A00D50DF0 /* Release */,
			);
			defaultConfigurationIsVisible = 0;
		};
/* End XCConfigurationList section */
	};
	rootObject = 84B7AA751BFDF70900D50DF0 /* Project object */;
}
